
Microsoft Visual Studio Solution File, Format Version 12.00
# Visual Studio Version 17
VisualStudioVersion = 17.2.32526.322
MinimumVisualStudioVersion = 10.0.40219.1
Project("{2150E333-8FDC-42A3-9474-1A3956D46DE8}") = "Framework", "Framework", "{E3BDBFB0-1BA5-4D5F-A831-74838B4F3E74}"
EndProject
Project("{9A19103F-16F7-4668-BE54-9A1E7A4F7556}") = "AppConfig", "AppConfig\AppConfig.csproj", "{A7F6A432-5BCB-4300-918B-B96ADA27073A}"
EndProject
Project("{2150E333-8FDC-42A3-9474-1A3956D46DE8}") = "BOContext", "BOContext", "{CDF907D6-F666-4162-86A9-48FF780AFFBF}"
EndProject
Project("{9A19103F-16F7-4668-BE54-9A1E7A4F7556}") = "BDO", "BDO\BDO.csproj", "{2EF3EA4C-1651-4C6F-A7F7-A4466EFE70B1}"
EndProject
Project("{9A19103F-16F7-4668-BE54-9A1E7A4F7556}") = "CLL", "CLL\CLL.csproj", "{651992D0-BFB5-493C-A332-1C6B3A4E7B52}"
EndProject
Project("{2150E333-8FDC-42A3-9474-1A3956D46DE8}") = "FrameworkCore", "FrameworkCore", "{B235CE86-55DB-49F0-9E07-D3DD68A68B86}"
EndProject
Project("{2150E333-8FDC-42A3-9474-1A3956D46DE8}") = "BFContext", "BFContext", "{0309FEE3-B621-4874-A675-51E5ED7A3077}"
EndProject
Project("{2150E333-8FDC-42A3-9474-1A3956D46DE8}") = "DAContext", "DAContext", "{8102A0C8-839C-47BC-95EE-6E8E220F50EF}"
EndProject
Project("{9A19103F-16F7-4668-BE54-9A1E7A4F7556}") = "IDAC", "IDAC\IDAC.csproj", "{4280EF0D-238C-4163-8E80-4708587A1C6D}"
EndProject
Project("{9A19103F-16F7-4668-BE54-9A1E7A4F7556}") = "DAC", "DAC\DAC.csproj", "{26ADA9CD-0DC1-4EAF-891A-266C68D08293}"
EndProject
Project("{9A19103F-16F7-4668-BE54-9A1E7A4F7556}") = "IBFO", "IBFO\IBFO.csproj", "{8622ECF9-B84C-4958-B23C-2D9F9C6F2A3F}"
EndProject
Project("{9A19103F-16F7-4668-BE54-9A1E7A4F7556}") = "BFO", "BFO\BFO.csproj", "{B22387CE-BF0D-4684-848D-D9F858030C17}"
EndProject
Project("{9A19103F-16F7-4668-BE54-9A1E7A4F7556}") = "BFC", "BFC\BFC.csproj", "{3848DAA2-FA93-4852-BE27-5D5321E949C7}"
EndProject
Project("{9A19103F-16F7-4668-BE54-9A1E7A4F7556}") = "Web.Core.Frame", "Web.Core.Frame\Web.Core.Frame.csproj", "{7D07D0FD-BE0B-4900-B7C7-C1D8812EC5DE}"
EndProject
Project("{9A19103F-16F7-4668-BE54-9A1E7A4F7556}") = "Web.Api.Infrastructure", "Web.Api.Infrastructure\Web.Api.Infrastructure.csproj", "{E271D5A9-85F8-4918-802C-FF3586DE42A9}"
EndProject
Project("{9A19103F-16F7-4668-BE54-9A1E7A4F7556}") = "WebAdmin", "WebAdmin\WebAdmin.csproj", "{202A220B-F619-4910-8756-56CD914DEA6F}"
EndProject
Project("{2150E333-8FDC-42A3-9474-1A3956D46DE8}") = "WebApps", "WebApps", "{2A095DAF-E4F5-48B4-BFE7-7BB2F445E3D8}"
EndProject
Project("{2150E333-8FDC-42A3-9474-1A3956D46DE8}") = "ConsoleTest", "ConsoleTest", "{BF745D32-43DB-4D08-A23B-65EE4668C4BD}"
EndProject
Project("{FAE04EC0-301F-11D3-BF4B-00C04F79EFBC}") = "WinFormReports", "WinFormReports\WinFormReports.csproj", "{C6DBF28E-F96A-4F74-888F-6F651747065F}"
EndProject
Project("{2150E333-8FDC-42A3-9474-1A3956D46DE8}") = "WindAncConsoleApps", "WindAncConsoleApps", "{85401A43-8766-46D5-AECE-D1A08D730EE4}"
EndProject
Global
	GlobalSection(SolutionConfigurationPlatforms) = preSolution
		Debug|Any CPU = Debug|Any CPU
		Debug|x64 = Debug|x64
		Debug|x86 = Debug|x86
		Release|Any CPU = Release|Any CPU
		Release|x64 = Release|x64
		Release|x86 = Release|x86
	EndGlobalSection
	GlobalSection(ProjectConfigurationPlatforms) = postSolution
		{A7F6A432-5BCB-4300-918B-B96ADA27073A}.Debug|Any CPU.ActiveCfg = Debug|Any CPU
		{A7F6A432-5BCB-4300-918B-B96ADA27073A}.Debug|Any CPU.Build.0 = Debug|Any CPU
		{A7F6A432-5BCB-4300-918B-B96ADA27073A}.Debug|x64.ActiveCfg = Debug|Any CPU
		{A7F6A432-5BCB-4300-918B-B96ADA27073A}.Debug|x64.Build.0 = Debug|Any CPU
		{A7F6A432-5BCB-4300-918B-B96ADA27073A}.Debug|x86.ActiveCfg = Debug|Any CPU
		{A7F6A432-5BCB-4300-918B-B96ADA27073A}.Debug|x86.Build.0 = Debug|Any CPU
		{A7F6A432-5BCB-4300-918B-B96ADA27073A}.Release|Any CPU.ActiveCfg = Release|Any CPU
		{A7F6A432-5BCB-4300-918B-B96ADA27073A}.Release|Any CPU.Build.0 = Release|Any CPU
		{A7F6A432-5BCB-4300-918B-B96ADA27073A}.Release|x64.ActiveCfg = Release|Any CPU
		{A7F6A432-5BCB-4300-918B-B96ADA27073A}.Release|x64.Build.0 = Release|Any CPU
		{A7F6A432-5BCB-4300-918B-B96ADA27073A}.Release|x86.ActiveCfg = Release|Any CPU
		{A7F6A432-5BCB-4300-918B-B96ADA27073A}.Release|x86.Build.0 = Release|Any CPU
		{2EF3EA4C-1651-4C6F-A7F7-A4466EFE70B1}.Debug|Any CPU.ActiveCfg = Debug|Any CPU
		{2EF3EA4C-1651-4C6F-A7F7-A4466EFE70B1}.Debug|Any CPU.Build.0 = Debug|Any CPU
		{2EF3EA4C-1651-4C6F-A7F7-A4466EFE70B1}.Debug|x64.ActiveCfg = Debug|Any CPU
		{2EF3EA4C-1651-4C6F-A7F7-A4466EFE70B1}.Debug|x64.Build.0 = Debug|Any CPU
		{2EF3EA4C-1651-4C6F-A7F7-A4466EFE70B1}.Debug|x86.ActiveCfg = Debug|Any CPU
		{2EF3EA4C-1651-4C6F-A7F7-A4466EFE70B1}.Debug|x86.Build.0 = Debug|Any CPU
		{2EF3EA4C-1651-4C6F-A7F7-A4466EFE70B1}.Release|Any CPU.ActiveCfg = Release|Any CPU
		{2EF3EA4C-1651-4C6F-A7F7-A4466EFE70B1}.Release|Any CPU.Build.0 = Release|Any CPU
		{2EF3EA4C-1651-4C6F-A7F7-A4466EFE70B1}.Release|x64.ActiveCfg = Release|Any CPU
		{2EF3EA4C-1651-4C6F-A7F7-A4466EFE70B1}.Release|x64.Build.0 = Release|Any CPU
		{2EF3EA4C-1651-4C6F-A7F7-A4466EFE70B1}.Release|x86.ActiveCfg = Release|Any CPU
		{2EF3EA4C-1651-4C6F-A7F7-A4466EFE70B1}.Release|x86.Build.0 = Release|Any CPU
		{651992D0-BFB5-493C-A332-1C6B3A4E7B52}.Debug|Any CPU.ActiveCfg = Debug|Any CPU
		{651992D0-BFB5-493C-A332-1C6B3A4E7B52}.Debug|Any CPU.Build.0 = Debug|Any CPU
		{651992D0-BFB5-493C-A332-1C6B3A4E7B52}.Debug|x64.ActiveCfg = Debug|Any CPU
		{651992D0-BFB5-493C-A332-1C6B3A4E7B52}.Debug|x64.Build.0 = Debug|Any CPU
		{651992D0-BFB5-493C-A332-1C6B3A4E7B52}.Debug|x86.ActiveCfg = Debug|Any CPU
		{651992D0-BFB5-493C-A332-1C6B3A4E7B52}.Debug|x86.Build.0 = Debug|Any CPU
		{651992D0-BFB5-493C-A332-1C6B3A4E7B52}.Release|Any CPU.ActiveCfg = Release|Any CPU
		{651992D0-BFB5-493C-A332-1C6B3A4E7B52}.Release|Any CPU.Build.0 = Release|Any CPU
		{651992D0-BFB5-493C-A332-1C6B3A4E7B52}.Release|x64.ActiveCfg = Release|Any CPU
		{651992D0-BFB5-493C-A332-1C6B3A4E7B52}.Release|x64.Build.0 = Release|Any CPU
		{651992D0-BFB5-493C-A332-1C6B3A4E7B52}.Release|x86.ActiveCfg = Release|Any CPU
		{651992D0-BFB5-493C-A332-1C6B3A4E7B52}.Release|x86.Build.0 = Release|Any CPU
		{4280EF0D-238C-4163-8E80-4708587A1C6D}.Debug|Any CPU.ActiveCfg = Debug|Any CPU
		{4280EF0D-238C-4163-8E80-4708587A1C6D}.Debug|Any CPU.Build.0 = Debug|Any CPU
		{4280EF0D-238C-4163-8E80-4708587A1C6D}.Debug|x64.ActiveCfg = Debug|Any CPU
		{4280EF0D-238C-4163-8E80-4708587A1C6D}.Debug|x64.Build.0 = Debug|Any CPU
		{4280EF0D-238C-4163-8E80-4708587A1C6D}.Debug|x86.ActiveCfg = Debug|Any CPU
		{4280EF0D-238C-4163-8E80-4708587A1C6D}.Debug|x86.Build.0 = Debug|Any CPU
		{4280EF0D-238C-4163-8E80-4708587A1C6D}.Release|Any CPU.ActiveCfg = Release|Any CPU
		{4280EF0D-238C-4163-8E80-4708587A1C6D}.Release|Any CPU.Build.0 = Release|Any CPU
		{4280EF0D-238C-4163-8E80-4708587A1C6D}.Release|x64.ActiveCfg = Release|Any CPU
		{4280EF0D-238C-4163-8E80-4708587A1C6D}.Release|x64.Build.0 = Release|Any CPU
		{4280EF0D-238C-4163-8E80-4708587A1C6D}.Release|x86.ActiveCfg = Release|Any CPU
		{4280EF0D-238C-4163-8E80-4708587A1C6D}.Release|x86.Build.0 = Release|Any CPU
		{26ADA9CD-0DC1-4EAF-891A-266C68D08293}.Debug|Any CPU.ActiveCfg = Debug|Any CPU
		{26ADA9CD-0DC1-4EAF-891A-266C68D08293}.Debug|Any CPU.Build.0 = Debug|Any CPU
		{26ADA9CD-0DC1-4EAF-891A-266C68D08293}.Debug|x64.ActiveCfg = Debug|Any CPU
		{26ADA9CD-0DC1-4EAF-891A-266C68D08293}.Debug|x64.Build.0 = Debug|Any CPU
		{26ADA9CD-0DC1-4EAF-891A-266C68D08293}.Debug|x86.ActiveCfg = Debug|Any CPU
		{26ADA9CD-0DC1-4EAF-891A-266C68D08293}.Debug|x86.Build.0 = Debug|Any CPU
		{26ADA9CD-0DC1-4EAF-891A-266C68D08293}.Release|Any CPU.ActiveCfg = Release|Any CPU
		{26ADA9CD-0DC1-4EAF-891A-266C68D08293}.Release|Any CPU.Build.0 = Release|Any CPU
		{26ADA9CD-0DC1-4EAF-891A-266C68D08293}.Release|x64.ActiveCfg = Release|Any CPU
		{26ADA9CD-0DC1-4EAF-891A-266C68D08293}.Release|x64.Build.0 = Release|Any CPU
		{26ADA9CD-0DC1-4EAF-891A-266C68D08293}.Release|x86.ActiveCfg = Release|Any CPU
		{26ADA9CD-0DC1-4EAF-891A-266C68D08293}.Release|x86.Build.0 = Release|Any CPU
		{8622ECF9-B84C-4958-B23C-2D9F9C6F2A3F}.Debug|Any CPU.ActiveCfg = Debug|Any CPU
		{8622ECF9-B84C-4958-B23C-2D9F9C6F2A3F}.Debug|Any CPU.Build.0 = Debug|Any CPU
		{8622ECF9-B84C-4958-B23C-2D9F9C6F2A3F}.Debug|x64.ActiveCfg = Debug|Any CPU
		{8622ECF9-B84C-4958-B23C-2D9F9C6F2A3F}.Debug|x64.Build.0 = Debug|Any CPU
		{8622ECF9-B84C-4958-B23C-2D9F9C6F2A3F}.Debug|x86.ActiveCfg = Debug|Any CPU
		{8622ECF9-B84C-4958-B23C-2D9F9C6F2A3F}.Debug|x86.Build.0 = Debug|Any CPU
		{8622ECF9-B84C-4958-B23C-2D9F9C6F2A3F}.Release|Any CPU.ActiveCfg = Release|Any CPU
		{8622ECF9-B84C-4958-B23C-2D9F9C6F2A3F}.Release|Any CPU.Build.0 = Release|Any CPU
		{8622ECF9-B84C-4958-B23C-2D9F9C6F2A3F}.Release|x64.ActiveCfg = Release|Any CPU
		{8622ECF9-B84C-4958-B23C-2D9F9C6F2A3F}.Release|x64.Build.0 = Release|Any CPU
		{8622ECF9-B84C-4958-B23C-2D9F9C6F2A3F}.Release|x86.ActiveCfg = Release|Any CPU
		{8622ECF9-B84C-4958-B23C-2D9F9C6F2A3F}.Release|x86.Build.0 = Release|Any CPU
		{B22387CE-BF0D-4684-848D-D9F858030C17}.Debug|Any CPU.ActiveCfg = Debug|Any CPU
		{B22387CE-BF0D-4684-848D-D9F858030C17}.Debug|Any CPU.Build.0 = Debug|Any CPU
		{B22387CE-BF0D-4684-848D-D9F858030C17}.Debug|x64.ActiveCfg = Debug|Any CPU
		{B22387CE-BF0D-4684-848D-D9F858030C17}.Debug|x64.Build.0 = Debug|Any CPU
		{B22387CE-BF0D-4684-848D-D9F858030C17}.Debug|x86.ActiveCfg = Debug|Any CPU
		{B22387CE-BF0D-4684-848D-D9F858030C17}.Debug|x86.Build.0 = Debug|Any CPU
		{B22387CE-BF0D-4684-848D-D9F858030C17}.Release|Any CPU.ActiveCfg = Release|Any CPU
		{B22387CE-BF0D-4684-848D-D9F858030C17}.Release|Any CPU.Build.0 = Release|Any CPU
		{B22387CE-BF0D-4684-848D-D9F858030C17}.Release|x64.ActiveCfg = Release|Any CPU
		{B22387CE-BF0D-4684-848D-D9F858030C17}.Release|x64.Build.0 = Release|Any CPU
		{B22387CE-BF0D-4684-848D-D9F858030C17}.Release|x86.ActiveCfg = Release|Any CPU
		{B22387CE-BF0D-4684-848D-D9F858030C17}.Release|x86.Build.0 = Release|Any CPU
		{3848DAA2-FA93-4852-BE27-5D5321E949C7}.Debug|Any CPU.ActiveCfg = Debug|Any CPU
		{3848DAA2-FA93-4852-BE27-5D5321E949C7}.Debug|Any CPU.Build.0 = Debug|Any CPU
		{3848DAA2-FA93-4852-BE27-5D5321E949C7}.Debug|x64.ActiveCfg = Debug|Any CPU
		{3848DAA2-FA93-4852-BE27-5D5321E949C7}.Debug|x64.Build.0 = Debug|Any CPU
		{3848DAA2-FA93-4852-BE27-5D5321E949C7}.Debug|x86.ActiveCfg = Debug|Any CPU
		{3848DAA2-FA93-4852-BE27-5D5321E949C7}.Debug|x86.Build.0 = Debug|Any CPU
		{3848DAA2-FA93-4852-BE27-5D5321E949C7}.Release|Any CPU.ActiveCfg = Release|Any CPU
		{3848DAA2-FA93-4852-BE27-5D5321E949C7}.Release|Any CPU.Build.0 = Release|Any CPU
		{3848DAA2-FA93-4852-BE27-5D5321E949C7}.Release|x64.ActiveCfg = Release|Any CPU
		{3848DAA2-FA93-4852-BE27-5D5321E949C7}.Release|x64.Build.0 = Release|Any CPU
		{3848DAA2-FA93-4852-BE27-5D5321E949C7}.Release|x86.ActiveCfg = Release|Any CPU
		{3848DAA2-FA93-4852-BE27-5D5321E949C7}.Release|x86.Build.0 = Release|Any CPU
		{7D07D0FD-BE0B-4900-B7C7-C1D8812EC5DE}.Debug|Any CPU.ActiveCfg = Debug|Any CPU
		{7D07D0FD-BE0B-4900-B7C7-C1D8812EC5DE}.Debug|Any CPU.Build.0 = Debug|Any CPU
		{7D07D0FD-BE0B-4900-B7C7-C1D8812EC5DE}.Debug|x64.ActiveCfg = Debug|Any CPU
		{7D07D0FD-BE0B-4900-B7C7-C1D8812EC5DE}.Debug|x64.Build.0 = Debug|Any CPU
		{7D07D0FD-BE0B-4900-B7C7-C1D8812EC5DE}.Debug|x86.ActiveCfg = Debug|Any CPU
		{7D07D0FD-BE0B-4900-B7C7-C1D8812EC5DE}.Debug|x86.Build.0 = Debug|Any CPU
		{7D07D0FD-BE0B-4900-B7C7-C1D8812EC5DE}.Release|Any CPU.ActiveCfg = Release|Any CPU
		{7D07D0FD-BE0B-4900-B7C7-C1D8812EC5DE}.Release|Any CPU.Build.0 = Release|Any CPU
		{7D07D0FD-BE0B-4900-B7C7-C1D8812EC5DE}.Release|x64.ActiveCfg = Release|Any CPU
		{7D07D0FD-BE0B-4900-B7C7-C1D8812EC5DE}.Release|x64.Build.0 = Release|Any CPU
		{7D07D0FD-BE0B-4900-B7C7-C1D8812EC5DE}.Release|x86.ActiveCfg = Release|Any CPU
		{7D07D0FD-BE0B-4900-B7C7-C1D8812EC5DE}.Release|x86.Build.0 = Release|Any CPU
		{E271D5A9-85F8-4918-802C-FF3586DE42A9}.Debug|Any CPU.ActiveCfg = Debug|Any CPU
		{E271D5A9-85F8-4918-802C-FF3586DE42A9}.Debug|Any CPU.Build.0 = Debug|Any CPU
		{E271D5A9-85F8-4918-802C-FF3586DE42A9}.Debug|x64.ActiveCfg = Debug|Any CPU
		{E271D5A9-85F8-4918-802C-FF3586DE42A9}.Debug|x64.Build.0 = Debug|Any CPU
		{E271D5A9-85F8-4918-802C-FF3586DE42A9}.Debug|x86.ActiveCfg = Debug|Any CPU
		{E271D5A9-85F8-4918-802C-FF3586DE42A9}.Debug|x86.Build.0 = Debug|Any CPU
		{E271D5A9-85F8-4918-802C-FF3586DE42A9}.Release|Any CPU.ActiveCfg = Release|Any CPU
		{E271D5A9-85F8-4918-802C-FF3586DE42A9}.Release|Any CPU.Build.0 = Release|Any CPU
		{E271D5A9-85F8-4918-802C-FF3586DE42A9}.Release|x64.ActiveCfg = Release|Any CPU
		{E271D5A9-85F8-4918-802C-FF3586DE42A9}.Release|x64.Build.0 = Release|Any CPU
		{E271D5A9-85F8-4918-802C-FF3586DE42A9}.Release|x86.ActiveCfg = Release|Any CPU
		{E271D5A9-85F8-4918-802C-FF3586DE42A9}.Release|x86.Build.0 = Release|Any CPU
		{202A220B-F619-4910-8756-56CD914DEA6F}.Debug|Any CPU.ActiveCfg = Debug|Any CPU
		{202A220B-F619-4910-8756-56CD914DEA6F}.Debug|Any CPU.Build.0 = Debug|Any CPU
		{202A220B-F619-4910-8756-56CD914DEA6F}.Debug|x64.ActiveCfg = Debug|x64
		{202A220B-F619-4910-8756-56CD914DEA6F}.Debug|x64.Build.0 = Debug|x64
		{202A220B-F619-4910-8756-56CD914DEA6F}.Debug|x86.ActiveCfg = Debug|Any CPU
		{202A220B-F619-4910-8756-56CD914DEA6F}.Debug|x86.Build.0 = Debug|Any CPU
		{202A220B-F619-4910-8756-56CD914DEA6F}.Release|Any CPU.ActiveCfg = Release|Any CPU
		{202A220B-F619-4910-8756-56CD914DEA6F}.Release|Any CPU.Build.0 = Release|Any CPU
		{202A220B-F619-4910-8756-56CD914DEA6F}.Release|x64.ActiveCfg = Release|x64
		{202A220B-F619-4910-8756-56CD914DEA6F}.Release|x64.Build.0 = Release|x64
		{202A220B-F619-4910-8756-56CD914DEA6F}.Release|x86.ActiveCfg = Release|x86
		{202A220B-F619-4910-8756-56CD914DEA6F}.Release|x86.Build.0 = Release|x86
		{C6DBF28E-F96A-4F74-888F-6F651747065F}.Debug|Any CPU.ActiveCfg = Debug|Any CPU
		{C6DBF28E-F96A-4F74-888F-6F651747065F}.Debug|Any CPU.Build.0 = Debug|Any CPU
		{C6DBF28E-F96A-4F74-888F-6F651747065F}.Debug|x64.ActiveCfg = Debug|Any CPU
		{C6DBF28E-F96A-4F74-888F-6F651747065F}.Debug|x64.Build.0 = Debug|Any CPU
		{C6DBF28E-F96A-4F74-888F-6F651747065F}.Debug|x86.ActiveCfg = Debug|Any CPU
		{C6DBF28E-F96A-4F74-888F-6F651747065F}.Debug|x86.Build.0 = Debug|Any CPU
		{C6DBF28E-F96A-4F74-888F-6F651747065F}.Release|Any CPU.ActiveCfg = Release|Any CPU
		{C6DBF28E-F96A-4F74-888F-6F651747065F}.Release|Any CPU.Build.0 = Release|Any CPU
		{C6DBF28E-F96A-4F74-888F-6F651747065F}.Release|x64.ActiveCfg = Release|Any CPU
		{C6DBF28E-F96A-4F74-888F-6F651747065F}.Release|x64.Build.0 = Release|Any CPU
		{C6DBF28E-F96A-4F74-888F-6F651747065F}.Release|x86.ActiveCfg = Release|Any CPU
		{C6DBF28E-F96A-4F74-888F-6F651747065F}.Release|x86.Build.0 = Release|Any CPU
	EndGlobalSection
	GlobalSection(SolutionProperties) = preSolution
		HideSolutionNode = FALSE
	EndGlobalSection
	GlobalSection(NestedProjects) = preSolution
		{A7F6A432-5BCB-4300-918B-B96ADA27073A} = {E3BDBFB0-1BA5-4D5F-A831-74838B4F3E74}
		{2EF3EA4C-1651-4C6F-A7F7-A4466EFE70B1} = {CDF907D6-F666-4162-86A9-48FF780AFFBF}
		{651992D0-BFB5-493C-A332-1C6B3A4E7B52} = {CDF907D6-F666-4162-86A9-48FF780AFFBF}
		{4280EF0D-238C-4163-8E80-4708587A1C6D} = {8102A0C8-839C-47BC-95EE-6E8E220F50EF}
		{26ADA9CD-0DC1-4EAF-891A-266C68D08293} = {8102A0C8-839C-47BC-95EE-6E8E220F50EF}
		{8622ECF9-B84C-4958-B23C-2D9F9C6F2A3F} = {0309FEE3-B621-4874-A675-51E5ED7A3077}
		{B22387CE-BF0D-4684-848D-D9F858030C17} = {0309FEE3-B621-4874-A675-51E5ED7A3077}
		{3848DAA2-FA93-4852-BE27-5D5321E949C7} = {0309FEE3-B621-4874-A675-51E5ED7A3077}
		{7D07D0FD-BE0B-4900-B7C7-C1D8812EC5DE} = {B235CE86-55DB-49F0-9E07-D3DD68A68B86}
		{E271D5A9-85F8-4918-802C-FF3586DE42A9} = {B235CE86-55DB-49F0-9E07-D3DD68A68B86}
		{202A220B-F619-4910-8756-56CD914DEA6F} = {2A095DAF-E4F5-48B4-BFE7-7BB2F445E3D8}
		{C6DBF28E-F96A-4F74-888F-6F651747065F} = {85401A43-8766-46D5-AECE-D1A08D730EE4}
	EndGlobalSection
	GlobalSection(ExtensibilityGlobals) = postSolution
		SolutionGuid = {0130CB5B-0065-4DB2-8BFE-7FC2F47350B9}
	EndGlobalSection
EndGlobal
